
Microsoft Visual Studio Solution File, Format Version 12.00
# Visual Studio 14
VisualStudioVersion = 14.0.23107.0
MinimumVisualStudioVersion = 10.0.40219.1
Project("{FAE04EC0-301F-11D3-BF4B-00C04F79EFBC}") = "GiphyPresenter", "GiphyPresenter\GiphyPresenter.csproj", "{997A1F76-C660-41C3-8562-7D641267F140}"
EndProject
Project("{FAE04EC0-301F-11D3-BF4B-00C04F79EFBC}") = "GiphyPresenter.Tests", "GiphyPresenter.Tests\GiphyPresenter.Tests.csproj", "{A64B042F-D099-411E-BD10-354156D2A8D7}"
EndProject
Global
	GlobalSection(SolutionConfigurationPlatforms) = preSolution
		Debug|Any CPU = Debug|Any CPU
		Release|Any CPU = Release|Any CPU
	EndGlobalSection
	GlobalSection(ProjectConfigurationPlatforms) = postSolution
		{997A1F76-C660-41C3-8562-7D641267F140}.Debug|Any CPU.ActiveCfg = Debug|Any CPU
		{997A1F76-C660-41C3-8562-7D641267F140}.Debug|Any CPU.Build.0 = Debug|Any CPU
		{997A1F76-C660-41C3-8562-7D641267F140}.Release|Any CPU.ActiveCfg = Release|Any CPU
		{997A1F76-C660-41C3-8562-7D641267F140}.Release|Any CPU.Build.0 = Release|Any CPU
		{A64B042F-D099-411E-BD10-354156D2A8D7}.Debug|Any CPU.ActiveCfg = Debug|Any CPU
		{A64B042F-D099-411E-BD10-354156D2A8D7}.Debug|Any CPU.Build.0 = Debug|Any CPU
		{A64B042F-D099-411E-BD10-354156D2A8D7}.Release|Any CPU.ActiveCfg = Release|Any CPU
		{A64B042F-D099-411E-BD10-354156D2A8D7}.Release|Any CPU.Build.0 = Release|Any CPU
	EndGlobalSection
	GlobalSection(SolutionProperties) = preSolution
		HideSolutionNode = FALSE
	EndGlobalSection
EndGlobal
